
Microsoft Visual Studio Solution File, Format Version 12.00
# Visual Studio Version 16
VisualStudioVersion = 16.0.31025.194
MinimumVisualStudioVersion = 10.0.40219.1
Project("{9A19103F-16F7-4668-BE54-9A1E7A4F7556}") = "NewsAggregator", "NewsAggregator\NewsAggregator.csproj", "{04B07762-32BD-40AA-B4EE-E14C6CFFA410}"
	ProjectSection(ProjectDependencies) = postProject
		{71B8D917-FC83-4897-92FB-050184B253BA} = {71B8D917-FC83-4897-92FB-050184B253BA}
		{2F9EC961-DBD2-418C-907D-A973421557ED} = {2F9EC961-DBD2-418C-907D-A973421557ED}
		{1E8EACF0-D37B-456E-9DBC-1D19FB488F73} = {1E8EACF0-D37B-456E-9DBC-1D19FB488F73}
	EndProjectSection
EndProject
Project("{2150E333-8FDC-42A3-9474-1A3956D46DE8}") = "NewsAggregator.DAL", "NewsAggregator.DAL", "{38D0691A-D310-4A0C-8B4A-517CA69AC74A}"
EndProject
Project("{9A19103F-16F7-4668-BE54-9A1E7A4F7556}") = "NewsAggregator.DAL.Core", "NewsAggregator.DAL.Entities\NewsAggregator.DAL.Core.csproj", "{5DB71518-9DDF-4445-A7EA-CEB76604ABAA}"
EndProject
Project("{2150E333-8FDC-42A3-9474-1A3956D46DE8}") = "Services", "Services", "{198EEE27-052D-4920-9E47-6337715B358F}"
EndProject
Project("{2150E333-8FDC-42A3-9474-1A3956D46DE8}") = "NewsAggregator.Core", "NewsAggregator.Core", "{C12317E0-230A-49E1-ABE4-3F2A60FED220}"
EndProject
Project("{9A19103F-16F7-4668-BE54-9A1E7A4F7556}") = "NewsAggregator.Core.Services.Interfaces", "NewsAggrigator.Core.Interfaces.Servies\NewsAggregator.Core.Services.Interfaces.csproj", "{D28CE542-AAE5-4131-A236-8EE46FCA213E}"
EndProject
Project("{9A19103F-16F7-4668-BE54-9A1E7A4F7556}") = "NewsAggregator.Core.DataTransferObjects", "NewsAggregator.Core.DataTransferObjects\NewsAggregator.Core.DataTransferObjects.csproj", "{71B8D917-FC83-4897-92FB-050184B253BA}"
EndProject
Project("{9A19103F-16F7-4668-BE54-9A1E7A4F7556}") = "NewsAggregator.Services.Implementation", "NewsAggregators.Services.Implementation\NewsAggregator.Services.Implementation.csproj", "{2F9EC961-DBD2-418C-907D-A973421557ED}"
	ProjectSection(ProjectDependencies) = postProject
		{6167FD42-33BF-40EC-AEFE-4FD570594F96} = {6167FD42-33BF-40EC-AEFE-4FD570594F96}
		{1E8EACF0-D37B-456E-9DBC-1D19FB488F73} = {1E8EACF0-D37B-456E-9DBC-1D19FB488F73}
	EndProjectSection
EndProject
Project("{9A19103F-16F7-4668-BE54-9A1E7A4F7556}") = "NewsAggregator.DAL.Repositories.Implementation", "NewsAggregator.DAL.Repositiries\NewsAggregator.DAL.Repositories.Implementation.csproj", "{6167FD42-33BF-40EC-AEFE-4FD570594F96}"
EndProject
Project("{9A19103F-16F7-4668-BE54-9A1E7A4F7556}") = "NewsAggregator.DAL.Repositories.Interfaces", "NewsAggregator.DAL.Interfaces\NewsAggregator.DAL.Repositories.Interfaces.csproj", "{1E8EACF0-D37B-456E-9DBC-1D19FB488F73}"
EndProject
Global
	GlobalSection(SolutionConfigurationPlatforms) = preSolution
		Debug|Any CPU = Debug|Any CPU
		Release|Any CPU = Release|Any CPU
	EndGlobalSection
	GlobalSection(ProjectConfigurationPlatforms) = postSolution
		{04B07762-32BD-40AA-B4EE-E14C6CFFA410}.Debug|Any CPU.ActiveCfg = Debug|Any CPU
		{04B07762-32BD-40AA-B4EE-E14C6CFFA410}.Debug|Any CPU.Build.0 = Debug|Any CPU
		{04B07762-32BD-40AA-B4EE-E14C6CFFA410}.Release|Any CPU.ActiveCfg = Release|Any CPU
		{04B07762-32BD-40AA-B4EE-E14C6CFFA410}.Release|Any CPU.Build.0 = Release|Any CPU
		{5DB71518-9DDF-4445-A7EA-CEB76604ABAA}.Debug|Any CPU.ActiveCfg = Debug|Any CPU
		{5DB71518-9DDF-4445-A7EA-CEB76604ABAA}.Debug|Any CPU.Build.0 = Debug|Any CPU
		{5DB71518-9DDF-4445-A7EA-CEB76604ABAA}.Release|Any CPU.ActiveCfg = Release|Any CPU
		{5DB71518-9DDF-4445-A7EA-CEB76604ABAA}.Release|Any CPU.Build.0 = Release|Any CPU
		{D28CE542-AAE5-4131-A236-8EE46FCA213E}.Debug|Any CPU.ActiveCfg = Debug|Any CPU
		{D28CE542-AAE5-4131-A236-8EE46FCA213E}.Debug|Any CPU.Build.0 = Debug|Any CPU
		{D28CE542-AAE5-4131-A236-8EE46FCA213E}.Release|Any CPU.ActiveCfg = Release|Any CPU
		{D28CE542-AAE5-4131-A236-8EE46FCA213E}.Release|Any CPU.Build.0 = Release|Any CPU
		{71B8D917-FC83-4897-92FB-050184B253BA}.Debug|Any CPU.ActiveCfg = Debug|Any CPU
		{71B8D917-FC83-4897-92FB-050184B253BA}.Debug|Any CPU.Build.0 = Debug|Any CPU
		{71B8D917-FC83-4897-92FB-050184B253BA}.Release|Any CPU.ActiveCfg = Release|Any CPU
		{71B8D917-FC83-4897-92FB-050184B253BA}.Release|Any CPU.Build.0 = Release|Any CPU
		{2F9EC961-DBD2-418C-907D-A973421557ED}.Debug|Any CPU.ActiveCfg = Debug|Any CPU
		{2F9EC961-DBD2-418C-907D-A973421557ED}.Debug|Any CPU.Build.0 = Debug|Any CPU
		{2F9EC961-DBD2-418C-907D-A973421557ED}.Release|Any CPU.ActiveCfg = Release|Any CPU
		{2F9EC961-DBD2-418C-907D-A973421557ED}.Release|Any CPU.Build.0 = Release|Any CPU
		{6167FD42-33BF-40EC-AEFE-4FD570594F96}.Debug|Any CPU.ActiveCfg = Debug|Any CPU
		{6167FD42-33BF-40EC-AEFE-4FD570594F96}.Debug|Any CPU.Build.0 = Debug|Any CPU
		{6167FD42-33BF-40EC-AEFE-4FD570594F96}.Release|Any CPU.ActiveCfg = Release|Any CPU
		{6167FD42-33BF-40EC-AEFE-4FD570594F96}.Release|Any CPU.Build.0 = Release|Any CPU
		{1E8EACF0-D37B-456E-9DBC-1D19FB488F73}.Debug|Any CPU.ActiveCfg = Debug|Any CPU
		{1E8EACF0-D37B-456E-9DBC-1D19FB488F73}.Debug|Any CPU.Build.0 = Debug|Any CPU
		{1E8EACF0-D37B-456E-9DBC-1D19FB488F73}.Release|Any CPU.ActiveCfg = Release|Any CPU
		{1E8EACF0-D37B-456E-9DBC-1D19FB488F73}.Release|Any CPU.Build.0 = Release|Any CPU
	EndGlobalSection
	GlobalSection(SolutionProperties) = preSolution
		HideSolutionNode = FALSE
	EndGlobalSection
	GlobalSection(NestedProjects) = preSolution
		{5DB71518-9DDF-4445-A7EA-CEB76604ABAA} = {38D0691A-D310-4A0C-8B4A-517CA69AC74A}
		{D28CE542-AAE5-4131-A236-8EE46FCA213E} = {198EEE27-052D-4920-9E47-6337715B358F}
		{71B8D917-FC83-4897-92FB-050184B253BA} = {C12317E0-230A-49E1-ABE4-3F2A60FED220}
		{2F9EC961-DBD2-418C-907D-A973421557ED} = {198EEE27-052D-4920-9E47-6337715B358F}
		{6167FD42-33BF-40EC-AEFE-4FD570594F96} = {38D0691A-D310-4A0C-8B4A-517CA69AC74A}
		{1E8EACF0-D37B-456E-9DBC-1D19FB488F73} = {38D0691A-D310-4A0C-8B4A-517CA69AC74A}
	EndGlobalSection
	GlobalSection(ExtensibilityGlobals) = postSolution
		SolutionGuid = {5C7C1F3B-319C-40CD-946A-AED700F4AD9B}
	EndGlobalSection
EndGlobal
